// !$*UTF8*$!
{
	archiveVersion = 1;
	classes = {
	};
	objectVersion = 55;
	objects = {

/* Begin PBXBuildFile section */
		53023BED277C24AA006E4845 /* Work-Manager.xcdatamodeld in Sources */ = {isa = PBXBuildFile; fileRef = 53023BEB277C24AA006E4845 /* Work-Manager.xcdatamodeld */; };
		532273C4278168AA00DE8DF0 /* ProjectStatusIcon.swift in Sources */ = {isa = PBXBuildFile; fileRef = 532273C3278168AA00DE8DF0 /* ProjectStatusIcon.swift */; };
		5342F80F2799116C0083DA17 /* CoreDataUtils.swift in Sources */ = {isa = PBXBuildFile; fileRef = 5342F80E2799116C0083DA17 /* CoreDataUtils.swift */; };
		53536D46277FC9F100AC0015 /* SidebarViewState.swift in Sources */ = {isa = PBXBuildFile; fileRef = 53536D45277FC9F100AC0015 /* SidebarViewState.swift */; };
		537A03CB277E3B4D0094A733 /* ProjectTask.swift in Sources */ = {isa = PBXBuildFile; fileRef = 537A03CA277E3B4D0094A733 /* ProjectTask.swift */; };
		5383A2532786880F0009132D /* SidebarItem.swift in Sources */ = {isa = PBXBuildFile; fileRef = 5383A2522786880F0009132D /* SidebarItem.swift */; };
		5383A25627868CBF0009132D /* ProjectListViewState.swift in Sources */ = {isa = PBXBuildFile; fileRef = 5383A25527868CBF0009132D /* ProjectListViewState.swift */; };
		5383A25827868D510009132D /* ProjectListView.swift in Sources */ = {isa = PBXBuildFile; fileRef = 5383A25727868D510009132D /* ProjectListView.swift */; };
		5383A25C2786A8B00009132D /* RenameStringView.swift in Sources */ = {isa = PBXBuildFile; fileRef = 5383A25B2786A8B00009132D /* RenameStringView.swift */; };
		539F9E2E277ECD3600AC02B0 /* TaskDataForm.swift in Sources */ = {isa = PBXBuildFile; fileRef = 539F9E2D277ECD3600AC02B0 /* TaskDataForm.swift */; };
		539F9E30277ED58D00AC02B0 /* TaskItemView.swift in Sources */ = {isa = PBXBuildFile; fileRef = 539F9E2F277ED58D00AC02B0 /* TaskItemView.swift */; };
		539F9E32277ED72D00AC02B0 /* DateView.swift in Sources */ = {isa = PBXBuildFile; fileRef = 539F9E31277ED72D00AC02B0 /* DateView.swift */; };
		539F9E35277EE98E00AC02B0 /* ProjectDetailViewState.swift in Sources */ = {isa = PBXBuildFile; fileRef = 539F9E34277EE98E00AC02B0 /* ProjectDetailViewState.swift */; };
		53A438122795F46C00DDD71E /* NSAttributedStringTransformer.swift in Sources */ = {isa = PBXBuildFile; fileRef = 53A438112795F46C00DDD71E /* NSAttributedStringTransformer.swift */; };
		53C4840A279383BC001B7D72 /* CloudKit.framework in Frameworks */ = {isa = PBXBuildFile; fileRef = 53C48409279383BC001B7D72 /* CloudKit.framework */; };
		53C659EC27D5D5DE00177CD7 /* FlatTaskListView.swift in Sources */ = {isa = PBXBuildFile; fileRef = 53C659EB27D5D5DE00177CD7 /* FlatTaskListView.swift */; };
		53C659EE27D5D63200177CD7 /* FlatTaskListViewState.swift in Sources */ = {isa = PBXBuildFile; fileRef = 53C659ED27D5D63200177CD7 /* FlatTaskListViewState.swift */; };
		53CCD0B727796835000F3A05 /* Work_ManagerApp.swift in Sources */ = {isa = PBXBuildFile; fileRef = 53CCD0B627796835000F3A05 /* Work_ManagerApp.swift */; };
		53CCD0B927796835000F3A05 /* ContentView.swift in Sources */ = {isa = PBXBuildFile; fileRef = 53CCD0B827796835000F3A05 /* ContentView.swift */; };
		53CCD0BB27796836000F3A05 /* Assets.xcassets in Resources */ = {isa = PBXBuildFile; fileRef = 53CCD0BA27796836000F3A05 /* Assets.xcassets */; };
		53CCD0BE27796836000F3A05 /* Preview Assets.xcassets in Resources */ = {isa = PBXBuildFile; fileRef = 53CCD0BD27796836000F3A05 /* Preview Assets.xcassets */; };
		53CCD0C027796836000F3A05 /* Persistence.swift in Sources */ = {isa = PBXBuildFile; fileRef = 53CCD0BF27796836000F3A05 /* Persistence.swift */; };
		53CCD0CB277968C4000F3A05 /* ProjectListItem.swift in Sources */ = {isa = PBXBuildFile; fileRef = 53CCD0CA277968C4000F3A05 /* ProjectListItem.swift */; };
		53CCD0CD2779691A000F3A05 /* ProjectDetailView.swift in Sources */ = {isa = PBXBuildFile; fileRef = 53CCD0CC2779691A000F3A05 /* ProjectDetailView.swift */; };
		53CCD0D527796FD3000F3A05 /* EmptySelectionView.swift in Sources */ = {isa = PBXBuildFile; fileRef = 53CCD0D427796FD3000F3A05 /* EmptySelectionView.swift */; };
		53CCD0D727797CB8000F3A05 /* SidebarView.swift in Sources */ = {isa = PBXBuildFile; fileRef = 53CCD0D627797CB8000F3A05 /* SidebarView.swift */; };
		53CCD0D927797DBE000F3A05 /* SettingsView.swift in Sources */ = {isa = PBXBuildFile; fileRef = 53CCD0D827797DBE000F3A05 /* SettingsView.swift */; };
		53CCD0DB27797E5F000F3A05 /* ProjectFormView.swift in Sources */ = {isa = PBXBuildFile; fileRef = 53CCD0DA27797E5F000F3A05 /* ProjectFormView.swift */; };
		53D5DC882782B1B4006CF6F9 /* ProjectDoneItem.swift in Sources */ = {isa = PBXBuildFile; fileRef = 53D5DC872782B1B4006CF6F9 /* ProjectDoneItem.swift */; };
		53F0B18D277A4D98002BB3EA /* Logger.swift in Sources */ = {isa = PBXBuildFile; fileRef = 53F0B18C277A4D98002BB3EA /* Logger.swift */; };
		53F0B18F277A86CC002BB3EA /* FolderForm.swift in Sources */ = {isa = PBXBuildFile; fileRef = 53F0B18E277A86CC002BB3EA /* FolderForm.swift */; };
		53F0B191277A88B8002BB3EA /* Folder.swift in Sources */ = {isa = PBXBuildFile; fileRef = 53F0B190277A88B8002BB3EA /* Folder.swift */; };
		53F9F0FB277AF0DD001A7817 /* Project.swift in Sources */ = {isa = PBXBuildFile; fileRef = 53F9F0FA277AF0DD001A7817 /* Project.swift */; };
/* End PBXBuildFile section */

/* Begin PBXFileReference section */
		53023BEC277C24AA006E4845 /* Fiddler.xcdatamodel */ = {isa = PBXFileReference; lastKnownFileType = wrapper.xcdatamodel; path = Fiddler.xcdatamodel; sourceTree = "<group>"; };
		532273C3278168AA00DE8DF0 /* ProjectStatusIcon.swift */ = {isa = PBXFileReference; lastKnownFileType = sourcecode.swift; path = ProjectStatusIcon.swift; sourceTree = "<group>"; };
		5342F80E2799116C0083DA17 /* CoreDataUtils.swift */ = {isa = PBXFileReference; lastKnownFileType = sourcecode.swift; path = CoreDataUtils.swift; sourceTree = "<group>"; };
		53536D45277FC9F100AC0015 /* SidebarViewState.swift */ = {isa = PBXFileReference; lastKnownFileType = sourcecode.swift; path = SidebarViewState.swift; sourceTree = "<group>"; };
		537A03CA277E3B4D0094A733 /* ProjectTask.swift */ = {isa = PBXFileReference; lastKnownFileType = sourcecode.swift; path = ProjectTask.swift; sourceTree = "<group>"; };
		5383A2522786880F0009132D /* SidebarItem.swift */ = {isa = PBXFileReference; lastKnownFileType = sourcecode.swift; path = SidebarItem.swift; sourceTree = "<group>"; };
		5383A25527868CBF0009132D /* ProjectListViewState.swift */ = {isa = PBXFileReference; lastKnownFileType = sourcecode.swift; path = ProjectListViewState.swift; sourceTree = "<group>"; };
		5383A25727868D510009132D /* ProjectListView.swift */ = {isa = PBXFileReference; lastKnownFileType = sourcecode.swift; path = ProjectListView.swift; sourceTree = "<group>"; };
		5383A25B2786A8B00009132D /* RenameStringView.swift */ = {isa = PBXFileReference; lastKnownFileType = sourcecode.swift; path = RenameStringView.swift; sourceTree = "<group>"; };
		539F9E2D277ECD3600AC02B0 /* TaskDataForm.swift */ = {isa = PBXFileReference; lastKnownFileType = sourcecode.swift; path = TaskDataForm.swift; sourceTree = "<group>"; };
		539F9E2F277ED58D00AC02B0 /* TaskItemView.swift */ = {isa = PBXFileReference; lastKnownFileType = sourcecode.swift; path = TaskItemView.swift; sourceTree = "<group>"; };
		539F9E31277ED72D00AC02B0 /* DateView.swift */ = {isa = PBXFileReference; lastKnownFileType = sourcecode.swift; path = DateView.swift; sourceTree = "<group>"; };
		539F9E34277EE98E00AC02B0 /* ProjectDetailViewState.swift */ = {isa = PBXFileReference; lastKnownFileType = sourcecode.swift; path = ProjectDetailViewState.swift; sourceTree = "<group>"; };
		53A438112795F46C00DDD71E /* NSAttributedStringTransformer.swift */ = {isa = PBXFileReference; fileEncoding = 4; lastKnownFileType = sourcecode.swift; path = NSAttributedStringTransformer.swift; sourceTree = "<group>"; };
		53C48409279383BC001B7D72 /* CloudKit.framework */ = {isa = PBXFileReference; lastKnownFileType = wrapper.framework; name = CloudKit.framework; path = System/Library/Frameworks/CloudKit.framework; sourceTree = SDKROOT; };
		53C659EB27D5D5DE00177CD7 /* FlatTaskListView.swift */ = {isa = PBXFileReference; lastKnownFileType = sourcecode.swift; path = FlatTaskListView.swift; sourceTree = "<group>"; };
		53C659ED27D5D63200177CD7 /* FlatTaskListViewState.swift */ = {isa = PBXFileReference; lastKnownFileType = sourcecode.swift; path = FlatTaskListViewState.swift; sourceTree = "<group>"; };
		53CCD0B327796835000F3A05 /* Work Manager.app */ = {isa = PBXFileReference; explicitFileType = wrapper.application; includeInIndex = 0; path = "Work Manager.app"; sourceTree = BUILT_PRODUCTS_DIR; };
		53CCD0B627796835000F3A05 /* Work_ManagerApp.swift */ = {isa = PBXFileReference; lastKnownFileType = sourcecode.swift; path = Work_ManagerApp.swift; sourceTree = "<group>"; };
		53CCD0B827796835000F3A05 /* ContentView.swift */ = {isa = PBXFileReference; lastKnownFileType = sourcecode.swift; path = ContentView.swift; sourceTree = "<group>"; };
		53CCD0BA27796836000F3A05 /* Assets.xcassets */ = {isa = PBXFileReference; lastKnownFileType = folder.assetcatalog; path = Assets.xcassets; sourceTree = "<group>"; };
		53CCD0BD27796836000F3A05 /* Preview Assets.xcassets */ = {isa = PBXFileReference; lastKnownFileType = folder.assetcatalog; path = "Preview Assets.xcassets"; sourceTree = "<group>"; };
		53CCD0BF27796836000F3A05 /* Persistence.swift */ = {isa = PBXFileReference; lastKnownFileType = sourcecode.swift; path = Persistence.swift; sourceTree = "<group>"; };
		53CCD0C427796836000F3A05 /* Work_Manager.entitlements */ = {isa = PBXFileReference; lastKnownFileType = text.plist.entitlements; path = Work_Manager.entitlements; sourceTree = "<group>"; };
		53CCD0CA277968C4000F3A05 /* ProjectListItem.swift */ = {isa = PBXFileReference; lastKnownFileType = sourcecode.swift; path = ProjectListItem.swift; sourceTree = "<group>"; };
		53CCD0CC2779691A000F3A05 /* ProjectDetailView.swift */ = {isa = PBXFileReference; lastKnownFileType = sourcecode.swift; path = ProjectDetailView.swift; sourceTree = "<group>"; };
		53CCD0D427796FD3000F3A05 /* EmptySelectionView.swift */ = {isa = PBXFileReference; lastKnownFileType = sourcecode.swift; path = EmptySelectionView.swift; sourceTree = "<group>"; };
		53CCD0D627797CB8000F3A05 /* SidebarView.swift */ = {isa = PBXFileReference; lastKnownFileType = sourcecode.swift; path = SidebarView.swift; sourceTree = "<group>"; };
		53CCD0D827797DBE000F3A05 /* SettingsView.swift */ = {isa = PBXFileReference; lastKnownFileType = sourcecode.swift; path = SettingsView.swift; sourceTree = "<group>"; };
		53CCD0DA27797E5F000F3A05 /* ProjectFormView.swift */ = {isa = PBXFileReference; lastKnownFileType = sourcecode.swift; path = ProjectFormView.swift; sourceTree = "<group>"; };
		53D5DC872782B1B4006CF6F9 /* ProjectDoneItem.swift */ = {isa = PBXFileReference; lastKnownFileType = sourcecode.swift; path = ProjectDoneItem.swift; sourceTree = "<group>"; };
		53F0B18C277A4D98002BB3EA /* Logger.swift */ = {isa = PBXFileReference; lastKnownFileType = sourcecode.swift; path = Logger.swift; sourceTree = "<group>"; };
		53F0B18E277A86CC002BB3EA /* FolderForm.swift */ = {isa = PBXFileReference; lastKnownFileType = sourcecode.swift; path = FolderForm.swift; sourceTree = "<group>"; };
		53F0B190277A88B8002BB3EA /* Folder.swift */ = {isa = PBXFileReference; lastKnownFileType = sourcecode.swift; path = Folder.swift; sourceTree = "<group>"; };
		53F9F0FA277AF0DD001A7817 /* Project.swift */ = {isa = PBXFileReference; lastKnownFileType = sourcecode.swift; path = Project.swift; sourceTree = "<group>"; };
/* End PBXFileReference section */

/* Begin PBXFrameworksBuildPhase section */
		53CCD0B027796835000F3A05 /* Frameworks */ = {
			isa = PBXFrameworksBuildPhase;
			buildActionMask = 2147483647;
			files = (
				53C4840A279383BC001B7D72 /* CloudKit.framework in Frameworks */,
			);
			runOnlyForDeploymentPostprocessing = 0;
		};
/* End PBXFrameworksBuildPhase section */

/* Begin PBXGroup section */
		53536D44277FC93F00AC0015 /* Sidebar */ = {
			isa = PBXGroup;
			children = (
				53F0B18E277A86CC002BB3EA /* FolderForm.swift */,
				5383A2522786880F0009132D /* SidebarItem.swift */,
				53CCD0D627797CB8000F3A05 /* SidebarView.swift */,
				53536D45277FC9F100AC0015 /* SidebarViewState.swift */,
			);
			path = Sidebar;
			sourceTree = "<group>";
		};
		53536D48277FD16F00AC0015 /* Main */ = {
			isa = PBXGroup;
			children = (
				53CCD0B827796835000F3A05 /* ContentView.swift */,
				53CCD0D827797DBE000F3A05 /* SettingsView.swift */,
			);
			path = Main;
			sourceTree = "<group>";
		};
		53536D49277FD17E00AC0015 /* Tasks */ = {
			isa = PBXGroup;
			children = (
				53CCD0CC2779691A000F3A05 /* ProjectDetailView.swift */,
				539F9E34277EE98E00AC02B0 /* ProjectDetailViewState.swift */,
				539F9E2D277ECD3600AC02B0 /* TaskDataForm.swift */,
				539F9E2F277ED58D00AC02B0 /* TaskItemView.swift */,
			);
			path = Tasks;
			sourceTree = "<group>";
		};
		53536D4A277FD1C000AC0015 /* Common */ = {
			isa = PBXGroup;
			children = (
				539F9E31277ED72D00AC02B0 /* DateView.swift */,
				53CCD0D427796FD3000F3A05 /* EmptySelectionView.swift */,
				532273C3278168AA00DE8DF0 /* ProjectStatusIcon.swift */,
				5383A25B2786A8B00009132D /* RenameStringView.swift */,
			);
			path = Common;
			sourceTree = "<group>";
		};
		5383A25427868C9A0009132D /* Projects */ = {
			isa = PBXGroup;
			children = (
				53D5DC872782B1B4006CF6F9 /* ProjectDoneItem.swift */,
				53CCD0DA27797E5F000F3A05 /* ProjectFormView.swift */,
				53CCD0CA277968C4000F3A05 /* ProjectListItem.swift */,
				5383A25727868D510009132D /* ProjectListView.swift */,
				5383A25527868CBF0009132D /* ProjectListViewState.swift */,
			);
			path = Projects;
			sourceTree = "<group>";
		};
		53C48408279383BC001B7D72 /* Frameworks */ = {
			isa = PBXGroup;
			children = (
				53C48409279383BC001B7D72 /* CloudKit.framework */,
			);
			name = Frameworks;
			sourceTree = "<group>";
		};
		53C659EA27D5D5B700177CD7 /* Flat */ = {
			isa = PBXGroup;
			children = (
				53C659EB27D5D5DE00177CD7 /* FlatTaskListView.swift */,
				53C659ED27D5D63200177CD7 /* FlatTaskListViewState.swift */,
			);
			path = Flat;
			sourceTree = "<group>";
		};
		53CCD0AA27796835000F3A05 = {
			isa = PBXGroup;
			children = (
				53CCD0B527796835000F3A05 /* Work Manager */,
				53CCD0B427796835000F3A05 /* Products */,
				53C48408279383BC001B7D72 /* Frameworks */,
			);
			sourceTree = "<group>";
		};
		53CCD0B427796835000F3A05 /* Products */ = {
			isa = PBXGroup;
			children = (
				53CCD0B327796835000F3A05 /* Work Manager.app */,
			);
			name = Products;
			sourceTree = "<group>";
		};
		53CCD0B527796835000F3A05 /* Work Manager */ = {
			isa = PBXGroup;
			children = (
				53CCD0C427796836000F3A05 /* Work_Manager.entitlements */,
				53CCD0B627796835000F3A05 /* Work_ManagerApp.swift */,
				53CCD0BA27796836000F3A05 /* Assets.xcassets */,
				53CCD0BC27796836000F3A05 /* Preview Content */,
				53F0B189277A4D40002BB3EA /* State */,
				53F0B185277A4126002BB3EA /* System */,
				53CCD0D327796DB6000F3A05 /* Views */,
			);
			path = "Work Manager";
			sourceTree = "<group>";
		};
		53CCD0BC27796836000F3A05 /* Preview Content */ = {
			isa = PBXGroup;
			children = (
				53CCD0BD27796836000F3A05 /* Preview Assets.xcassets */,
			);
			path = "Preview Content";
			sourceTree = "<group>";
		};
		53CCD0D327796DB6000F3A05 /* Views */ = {
			isa = PBXGroup;
			children = (
				53C659EA27D5D5B700177CD7 /* Flat */,
				53536D4A277FD1C000AC0015 /* Common */,
				53536D48277FD16F00AC0015 /* Main */,
				5383A25427868C9A0009132D /* Projects */,
				53536D44277FC93F00AC0015 /* Sidebar */,
				53536D49277FD17E00AC0015 /* Tasks */,
			);
			path = Views;
			sourceTree = "<group>";
		};
		53F0B185277A4126002BB3EA /* System */ = {
			isa = PBXGroup;
			children = (
				5342F80E2799116C0083DA17 /* CoreDataUtils.swift */,
				53F0B18C277A4D98002BB3EA /* Logger.swift */,
			);
			path = System;
			sourceTree = "<group>";
		};
		53F0B189277A4D40002BB3EA /* State */ = {
			isa = PBXGroup;
			children = (
				53F0B190277A88B8002BB3EA /* Folder.swift */,
				53A438112795F46C00DDD71E /* NSAttributedStringTransformer.swift */,
				53CCD0BF27796836000F3A05 /* Persistence.swift */,
				53F9F0FA277AF0DD001A7817 /* Project.swift */,
				537A03CA277E3B4D0094A733 /* ProjectTask.swift */,
				53023BEB277C24AA006E4845 /* Work-Manager.xcdatamodeld */,
			);
			path = State;
			sourceTree = "<group>";
		};
/* End PBXGroup section */

/* Begin PBXNativeTarget section */
		53CCD0B227796835000F3A05 /* Work Manager */ = {
			isa = PBXNativeTarget;
			buildConfigurationList = 53CCD0C727796836000F3A05 /* Build configuration list for PBXNativeTarget "Work Manager" */;
			buildPhases = (
				53CCD0AF27796835000F3A05 /* Sources */,
				53CCD0B027796835000F3A05 /* Frameworks */,
				53CCD0B127796835000F3A05 /* Resources */,
			);
			buildRules = (
			);
			dependencies = (
			);
			name = "Work Manager";
			productName = Fiddler;
			productReference = 53CCD0B327796835000F3A05 /* Work Manager.app */;
			productType = "com.apple.product-type.application";
		};
/* End PBXNativeTarget section */

/* Begin PBXProject section */
		53CCD0AB27796835000F3A05 /* Project object */ = {
			isa = PBXProject;
			attributes = {
				BuildIndependentTargetsInParallel = 1;
				LastSwiftUpdateCheck = 1320;
				LastUpgradeCheck = 1330;
				TargetAttributes = {
					53CCD0B227796835000F3A05 = {
						CreatedOnToolsVersion = 13.2.1;
					};
				};
			};
			buildConfigurationList = 53CCD0AE27796835000F3A05 /* Build configuration list for PBXProject "Work Manager" */;
			compatibilityVersion = "Xcode 13.0";
			developmentRegion = en;
			hasScannedForEncodings = 0;
			knownRegions = (
				en,
				Base,
			);
			mainGroup = 53CCD0AA27796835000F3A05;
			productRefGroup = 53CCD0B427796835000F3A05 /* Products */;
			projectDirPath = "";
			projectRoot = "";
			targets = (
				53CCD0B227796835000F3A05 /* Work Manager */,
			);
		};
/* End PBXProject section */

/* Begin PBXResourcesBuildPhase section */
		53CCD0B127796835000F3A05 /* Resources */ = {
			isa = PBXResourcesBuildPhase;
			buildActionMask = 2147483647;
			files = (
				53CCD0BE27796836000F3A05 /* Preview Assets.xcassets in Resources */,
				53CCD0BB27796836000F3A05 /* Assets.xcassets in Resources */,
			);
			runOnlyForDeploymentPostprocessing = 0;
		};
/* End PBXResourcesBuildPhase section */

/* Begin PBXSourcesBuildPhase section */
		53CCD0AF27796835000F3A05 /* Sources */ = {
			isa = PBXSourcesBuildPhase;
			buildActionMask = 2147483647;
			files = (
				532273C4278168AA00DE8DF0 /* ProjectStatusIcon.swift in Sources */,
				5342F80F2799116C0083DA17 /* CoreDataUtils.swift in Sources */,
				53C659EE27D5D63200177CD7 /* FlatTaskListViewState.swift in Sources */,
				53CCD0C027796836000F3A05 /* Persistence.swift in Sources */,
				53CCD0B927796835000F3A05 /* ContentView.swift in Sources */,
				539F9E2E277ECD3600AC02B0 /* TaskDataForm.swift in Sources */,
				53F0B191277A88B8002BB3EA /* Folder.swift in Sources */,
				53536D46277FC9F100AC0015 /* SidebarViewState.swift in Sources */,
				53F0B18D277A4D98002BB3EA /* Logger.swift in Sources */,
				53CCD0D527796FD3000F3A05 /* EmptySelectionView.swift in Sources */,
				53CCD0DB27797E5F000F3A05 /* ProjectFormView.swift in Sources */,
				53CCD0CB277968C4000F3A05 /* ProjectListItem.swift in Sources */,
				53CCD0D927797DBE000F3A05 /* SettingsView.swift in Sources */,
				539F9E32277ED72D00AC02B0 /* DateView.swift in Sources */,
				53CCD0D727797CB8000F3A05 /* SidebarView.swift in Sources */,
				53A438122795F46C00DDD71E /* NSAttributedStringTransformer.swift in Sources */,
				5383A25627868CBF0009132D /* ProjectListViewState.swift in Sources */,
				539F9E35277EE98E00AC02B0 /* ProjectDetailViewState.swift in Sources */,
				53023BED277C24AA006E4845 /* Work-Manager.xcdatamodeld in Sources */,
				53C659EC27D5D5DE00177CD7 /* FlatTaskListView.swift in Sources */,
				5383A2532786880F0009132D /* SidebarItem.swift in Sources */,
				5383A25C2786A8B00009132D /* RenameStringView.swift in Sources */,
				53CCD0B727796835000F3A05 /* Work_ManagerApp.swift in Sources */,
				5383A25827868D510009132D /* ProjectListView.swift in Sources */,
				53CCD0CD2779691A000F3A05 /* ProjectDetailView.swift in Sources */,
				53F9F0FB277AF0DD001A7817 /* Project.swift in Sources */,
				53D5DC882782B1B4006CF6F9 /* ProjectDoneItem.swift in Sources */,
				539F9E30277ED58D00AC02B0 /* TaskItemView.swift in Sources */,
				537A03CB277E3B4D0094A733 /* ProjectTask.swift in Sources */,
				53F0B18F277A86CC002BB3EA /* FolderForm.swift in Sources */,
			);
			runOnlyForDeploymentPostprocessing = 0;
		};
/* End PBXSourcesBuildPhase section */

/* Begin XCBuildConfiguration section */
		53CCD0C527796836000F3A05 /* Debug */ = {
			isa = XCBuildConfiguration;
			buildSettings = {
				ALWAYS_SEARCH_USER_PATHS = NO;
				CLANG_ANALYZER_NONNULL = YES;
				CLANG_ANALYZER_NUMBER_OBJECT_CONVERSION = YES_AGGRESSIVE;
				CLANG_CXX_LANGUAGE_STANDARD = "gnu++17";
				CLANG_CXX_LIBRARY = "libc++";
				CLANG_ENABLE_MODULES = YES;
				CLANG_ENABLE_OBJC_ARC = YES;
				CLANG_ENABLE_OBJC_WEAK = YES;
				CLANG_WARN_BLOCK_CAPTURE_AUTORELEASING = YES;
				CLANG_WARN_BOOL_CONVERSION = YES;
				CLANG_WARN_COMMA = YES;
				CLANG_WARN_CONSTANT_CONVERSION = YES;
				CLANG_WARN_DEPRECATED_OBJC_IMPLEMENTATIONS = YES;
				CLANG_WARN_DIRECT_OBJC_ISA_USAGE = YES_ERROR;
				CLANG_WARN_DOCUMENTATION_COMMENTS = YES;
				CLANG_WARN_EMPTY_BODY = YES;
				CLANG_WARN_ENUM_CONVERSION = YES;
				CLANG_WARN_INFINITE_RECURSION = YES;
				CLANG_WARN_INT_CONVERSION = YES;
				CLANG_WARN_NON_LITERAL_NULL_CONVERSION = YES;
				CLANG_WARN_OBJC_IMPLICIT_RETAIN_SELF = YES;
				CLANG_WARN_OBJC_LITERAL_CONVERSION = YES;
				CLANG_WARN_OBJC_ROOT_CLASS = YES_ERROR;
				CLANG_WARN_QUOTED_INCLUDE_IN_FRAMEWORK_HEADER = YES;
				CLANG_WARN_RANGE_LOOP_ANALYSIS = YES;
				CLANG_WARN_STRICT_PROTOTYPES = YES;
				CLANG_WARN_SUSPICIOUS_MOVE = YES;
				CLANG_WARN_UNGUARDED_AVAILABILITY = YES_AGGRESSIVE;
				CLANG_WARN_UNREACHABLE_CODE = YES;
				CLANG_WARN__DUPLICATE_METHOD_MATCH = YES;
				COPY_PHASE_STRIP = NO;
				DEBUG_INFORMATION_FORMAT = dwarf;
				ENABLE_STRICT_OBJC_MSGSEND = YES;
				ENABLE_TESTABILITY = YES;
				GCC_C_LANGUAGE_STANDARD = gnu11;
				GCC_DYNAMIC_NO_PIC = NO;
				GCC_NO_COMMON_BLOCKS = YES;
				GCC_OPTIMIZATION_LEVEL = 0;
				GCC_PREPROCESSOR_DEFINITIONS = (
					"DEBUG=1",
					"$(inherited)",
				);
				GCC_WARN_64_TO_32_BIT_CONVERSION = YES;
				GCC_WARN_ABOUT_RETURN_TYPE = YES_ERROR;
				GCC_WARN_UNDECLARED_SELECTOR = YES;
				GCC_WARN_UNINITIALIZED_AUTOS = YES_AGGRESSIVE;
				GCC_WARN_UNUSED_FUNCTION = YES;
				GCC_WARN_UNUSED_VARIABLE = YES;
				MACOSX_DEPLOYMENT_TARGET = 12.2;
				MTL_ENABLE_DEBUG_INFO = INCLUDE_SOURCE;
				MTL_FAST_MATH = YES;
				ONLY_ACTIVE_ARCH = YES;
				SDKROOT = macosx;
				SWIFT_ACTIVE_COMPILATION_CONDITIONS = DEBUG;
				SWIFT_OPTIMIZATION_LEVEL = "-Onone";
			};
			name = Debug;
		};
		53CCD0C627796836000F3A05 /* Release */ = {
			isa = XCBuildConfiguration;
			buildSettings = {
				ALWAYS_SEARCH_USER_PATHS = NO;
				CLANG_ANALYZER_NONNULL = YES;
				CLANG_ANALYZER_NUMBER_OBJECT_CONVERSION = YES_AGGRESSIVE;
				CLANG_CXX_LANGUAGE_STANDARD = "gnu++17";
				CLANG_CXX_LIBRARY = "libc++";
				CLANG_ENABLE_MODULES = YES;
				CLANG_ENABLE_OBJC_ARC = YES;
				CLANG_ENABLE_OBJC_WEAK = YES;
				CLANG_WARN_BLOCK_CAPTURE_AUTORELEASING = YES;
				CLANG_WARN_BOOL_CONVERSION = YES;
				CLANG_WARN_COMMA = YES;
				CLANG_WARN_CONSTANT_CONVERSION = YES;
				CLANG_WARN_DEPRECATED_OBJC_IMPLEMENTATIONS = YES;
				CLANG_WARN_DIRECT_OBJC_ISA_USAGE = YES_ERROR;
				CLANG_WARN_DOCUMENTATION_COMMENTS = YES;
				CLANG_WARN_EMPTY_BODY = YES;
				CLANG_WARN_ENUM_CONVERSION = YES;
				CLANG_WARN_INFINITE_RECURSION = YES;
				CLANG_WARN_INT_CONVERSION = YES;
				CLANG_WARN_NON_LITERAL_NULL_CONVERSION = YES;
				CLANG_WARN_OBJC_IMPLICIT_RETAIN_SELF = YES;
				CLANG_WARN_OBJC_LITERAL_CONVERSION = YES;
				CLANG_WARN_OBJC_ROOT_CLASS = YES_ERROR;
				CLANG_WARN_QUOTED_INCLUDE_IN_FRAMEWORK_HEADER = YES;
				CLANG_WARN_RANGE_LOOP_ANALYSIS = YES;
				CLANG_WARN_STRICT_PROTOTYPES = YES;
				CLANG_WARN_SUSPICIOUS_MOVE = YES;
				CLANG_WARN_UNGUARDED_AVAILABILITY = YES_AGGRESSIVE;
				CLANG_WARN_UNREACHABLE_CODE = YES;
				CLANG_WARN__DUPLICATE_METHOD_MATCH = YES;
				COPY_PHASE_STRIP = NO;
				DEBUG_INFORMATION_FORMAT = "dwarf-with-dsym";
				ENABLE_NS_ASSERTIONS = NO;
				ENABLE_STRICT_OBJC_MSGSEND = YES;
				GCC_C_LANGUAGE_STANDARD = gnu11;
				GCC_NO_COMMON_BLOCKS = YES;
				GCC_WARN_64_TO_32_BIT_CONVERSION = YES;
				GCC_WARN_ABOUT_RETURN_TYPE = YES_ERROR;
				GCC_WARN_UNDECLARED_SELECTOR = YES;
				GCC_WARN_UNINITIALIZED_AUTOS = YES_AGGRESSIVE;
				GCC_WARN_UNUSED_FUNCTION = YES;
				GCC_WARN_UNUSED_VARIABLE = YES;
				MACOSX_DEPLOYMENT_TARGET = 12.2;
				MTL_ENABLE_DEBUG_INFO = NO;
				MTL_FAST_MATH = YES;
				SDKROOT = macosx;
				SWIFT_COMPILATION_MODE = wholemodule;
				SWIFT_OPTIMIZATION_LEVEL = "-O";
			};
			name = Release;
		};
		53CCD0C827796836000F3A05 /* Debug */ = {
			isa = XCBuildConfiguration;
			buildSettings = {
				ASSETCATALOG_COMPILER_APPICON_NAME = AppIcon;
				ASSETCATALOG_COMPILER_GLOBAL_ACCENT_COLOR_NAME = AccentColor;
				CODE_SIGN_ENTITLEMENTS = "Work Manager/Work_Manager.entitlements";
				CODE_SIGN_IDENTITY = "Apple Development";
				CODE_SIGN_STYLE = Automatic;
				COMBINE_HIDPI_IMAGES = YES;
				CURRENT_PROJECT_VERSION = 106;
				DEVELOPMENT_ASSET_PATHS = "\"Work Manager/Preview Content\"";
				DEVELOPMENT_TEAM = 5Y5389EUC6;
				ENABLE_HARDENED_RUNTIME = YES;
				ENABLE_PREVIEWS = YES;
				GENERATE_INFOPLIST_FILE = YES;
				INFOPLIST_KEY_LSApplicationCategoryType = "public.app-category.productivity";
				INFOPLIST_KEY_NSHumanReadableCopyright = "";
				LD_RUNPATH_SEARCH_PATHS = (
					"$(inherited)",
					"@executable_path/../Frameworks",
				);
				MACOSX_DEPLOYMENT_TARGET = 12.2;
				MARKETING_VERSION = 2022.1;
				PRODUCT_BUNDLE_IDENTIFIER = "com.zentrope.Work-Manager";
				PRODUCT_NAME = "$(TARGET_NAME)";
				SWIFT_EMIT_LOC_STRINGS = YES;
				SWIFT_VERSION = 5.0;
			};
			name = Debug;
		};
		53CCD0C927796836000F3A05 /* Release */ = {
			isa = XCBuildConfiguration;
			buildSettings = {
				ASSETCATALOG_COMPILER_APPICON_NAME = AppIcon;
				ASSETCATALOG_COMPILER_GLOBAL_ACCENT_COLOR_NAME = AccentColor;
				CODE_SIGN_ENTITLEMENTS = "Work Manager/Work_Manager.entitlements";
				CODE_SIGN_IDENTITY = "Apple Development";
				CODE_SIGN_STYLE = Automatic;
				COMBINE_HIDPI_IMAGES = YES;
				CURRENT_PROJECT_VERSION = 106;
				DEVELOPMENT_ASSET_PATHS = "\"Work Manager/Preview Content\"";
				DEVELOPMENT_TEAM = 5Y5389EUC6;
				ENABLE_HARDENED_RUNTIME = YES;
				ENABLE_PREVIEWS = YES;
				GENERATE_INFOPLIST_FILE = YES;
				INFOPLIST_KEY_LSApplicationCategoryType = "public.app-category.productivity";
				INFOPLIST_KEY_NSHumanReadableCopyright = "";
				LD_RUNPATH_SEARCH_PATHS = (
					"$(inherited)",
					"@executable_path/../Frameworks",
				);
				MACOSX_DEPLOYMENT_TARGET = 12.2;
				MARKETING_VERSION = 2022.1;
				PRODUCT_BUNDLE_IDENTIFIER = "com.zentrope.Work-Manager";
				PRODUCT_NAME = "$(TARGET_NAME)";
				SWIFT_EMIT_LOC_STRINGS = YES;
				SWIFT_VERSION = 5.0;
			};
			name = Release;
		};
/* End XCBuildConfiguration section */

/* Begin XCConfigurationList section */
		53CCD0AE27796835000F3A05 /* Build configuration list for PBXProject "Work Manager" */ = {
			isa = XCConfigurationList;
			buildConfigurations = (
				53CCD0C527796836000F3A05 /* Debug */,
				53CCD0C627796836000F3A05 /* Release */,
			);
			defaultConfigurationIsVisible = 0;
			defaultConfigurationName = Release;
		};
		53CCD0C727796836000F3A05 /* Build configuration list for PBXNativeTarget "Work Manager" */ = {
			isa = XCConfigurationList;
			buildConfigurations = (
				53CCD0C827796836000F3A05 /* Debug */,
				53CCD0C927796836000F3A05 /* Release */,
			);
			defaultConfigurationIsVisible = 0;
			defaultConfigurationName = Release;
		};
/* End XCConfigurationList section */

/* Begin XCVersionGroup section */
		53023BEB277C24AA006E4845 /* Work-Manager.xcdatamodeld */ = {
			isa = XCVersionGroup;
			children = (
				53023BEC277C24AA006E4845 /* Fiddler.xcdatamodel */,
			);
			currentVersion = 53023BEC277C24AA006E4845 /* Fiddler.xcdatamodel */;
			path = "Work-Manager.xcdatamodeld";
			sourceTree = "<group>";
			versionGroupType = wrapper.xcdatamodel;
		};
/* End XCVersionGroup section */
	};
	rootObject = 53CCD0AB27796835000F3A05 /* Project object */;
}
